// !$*UTF8*$!
{
	archiveVersion = 1;
	classes = {
	};
	objectVersion = 46;
	objects = {

/* Begin PBXBuildFile section */
		2C11EE311C2027A0009F3BB2 /* MASCompositeConstraint.m in Sources */ = {isa = PBXBuildFile; fileRef = 2C11EE191C2027A0009F3BB2 /* MASCompositeConstraint.m */; };
		2C11EE321C2027A0009F3BB2 /* MASConstraint.m in Sources */ = {isa = PBXBuildFile; fileRef = 2C11EE1C1C2027A0009F3BB2 /* MASConstraint.m */; };
		2C11EE331C2027A0009F3BB2 /* MASConstraintMaker.m in Sources */ = {isa = PBXBuildFile; fileRef = 2C11EE1E1C2027A0009F3BB2 /* MASConstraintMaker.m */; };
		2C11EE341C2027A0009F3BB2 /* MASLayoutConstraint.m in Sources */ = {isa = PBXBuildFile; fileRef = 2C11EE201C2027A0009F3BB2 /* MASLayoutConstraint.m */; };
		2C11EE351C2027A0009F3BB2 /* MASViewAttribute.m in Sources */ = {isa = PBXBuildFile; fileRef = 2C11EE241C2027A0009F3BB2 /* MASViewAttribute.m */; };
		2C11EE361C2027A0009F3BB2 /* MASViewConstraint.m in Sources */ = {isa = PBXBuildFile; fileRef = 2C11EE261C2027A0009F3BB2 /* MASViewConstraint.m */; };
		2C11EE371C2027A0009F3BB2 /* NSArray+MASAdditions.m in Sources */ = {isa = PBXBuildFile; fileRef = 2C11EE281C2027A0009F3BB2 /* NSArray+MASAdditions.m */; };
		2C11EE381C2027A0009F3BB2 /* NSLayoutConstraint+MASDebugAdditions.m in Sources */ = {isa = PBXBuildFile; fileRef = 2C11EE2B1C2027A0009F3BB2 /* NSLayoutConstraint+MASDebugAdditions.m */; };
		2C11EE391C2027A0009F3BB2 /* View+MASAdditions.m in Sources */ = {isa = PBXBuildFile; fileRef = 2C11EE2D1C2027A0009F3BB2 /* View+MASAdditions.m */; };
		2C11EE3A1C2027A0009F3BB2 /* ViewController+MASAdditions.m in Sources */ = {isa = PBXBuildFile; fileRef = 2C11EE301C2027A0009F3BB2 /* ViewController+MASAdditions.m */; };
		2C31FC261C1FFC7B00D12D5C /* main.m in Sources */ = {isa = PBXBuildFile; fileRef = 2C31FC251C1FFC7B00D12D5C /* main.m */; };
		2C31FC291C1FFC7B00D12D5C /* AppDelegate.m in Sources */ = {isa = PBXBuildFile; fileRef = 2C31FC281C1FFC7B00D12D5C /* AppDelegate.m */; };
		2C31FC2C1C1FFC7B00D12D5C /* ViewController.m in Sources */ = {isa = PBXBuildFile; fileRef = 2C31FC2B1C1FFC7B00D12D5C /* ViewController.m */; };
		2C31FC2F1C1FFC7B00D12D5C /* Main.storyboard in Resources */ = {isa = PBXBuildFile; fileRef = 2C31FC2D1C1FFC7B00D12D5C /* Main.storyboard */; };
		2C31FC311C1FFC7B00D12D5C /* Assets.xcassets in Resources */ = {isa = PBXBuildFile; fileRef = 2C31FC301C1FFC7B00D12D5C /* Assets.xcassets */; };
		2C31FC341C1FFC7B00D12D5C /* LaunchScreen.storyboard in Resources */ = {isa = PBXBuildFile; fileRef = 2C31FC321C1FFC7B00D12D5C /* LaunchScreen.storyboard */; };
		2C31FC3F1C1FFC7B00D12D5C /* CustomCollectionViewTests.m in Sources */ = {isa = PBXBuildFile; fileRef = 2C31FC3E1C1FFC7B00D12D5C /* CustomCollectionViewTests.m */; };
		2C31FC4A1C1FFC7B00D12D5C /* CustomCollectionViewUITests.m in Sources */ = {isa = PBXBuildFile; fileRef = 2C31FC491C1FFC7B00D12D5C /* CustomCollectionViewUITests.m */; };
		2C31FC591C1FFD2A00D12D5C /* TTCollectionViewLayout.m in Sources */ = {isa = PBXBuildFile; fileRef = 2C31FC581C1FFD2A00D12D5C /* TTCollectionViewLayout.m */; };
		2C65BABA1C23DF0800856390 /* Goods.m in Sources */ = {isa = PBXBuildFile; fileRef = 2C65BAB91C23DF0800856390 /* Goods.m */; };
		2CF073A11C241BB60008D25A /* TTCollectionViewCell.m in Sources */ = {isa = PBXBuildFile; fileRef = 2CF073A01C241BB60008D25A /* TTCollectionViewCell.m */; };
/* End PBXBuildFile section */

/* Begin PBXContainerItemProxy section */
		2C31FC3B1C1FFC7B00D12D5C /* PBXContainerItemProxy */ = {
			isa = PBXContainerItemProxy;
			containerPortal = 2C31FC191C1FFC7B00D12D5C /* Project object */;
			proxyType = 1;
			remoteGlobalIDString = 2C31FC201C1FFC7B00D12D5C;
			remoteInfo = CustomCollectionView;
		};
		2C31FC461C1FFC7B00D12D5C /* PBXContainerItemProxy */ = {
			isa = PBXContainerItemProxy;
			containerPortal = 2C31FC191C1FFC7B00D12D5C /* Project object */;
			proxyType = 1;
			remoteGlobalIDString = 2C31FC201C1FFC7B00D12D5C;
			remoteInfo = CustomCollectionView;
		};
/* End PBXContainerItemProxy section */

/* Begin PBXFileReference section */
		2C11EE181C2027A0009F3BB2 /* MASCompositeConstraint.h */ = {isa = PBXFileReference; fileEncoding = 4; lastKnownFileType = sourcecode.c.h; path = MASCompositeConstraint.h; sourceTree = "<group>"; };
		2C11EE191C2027A0009F3BB2 /* MASCompositeConstraint.m */ = {isa = PBXFileReference; fileEncoding = 4; lastKnownFileType = sourcecode.c.objc; path = MASCompositeConstraint.m; sourceTree = "<group>"; };
		2C11EE1A1C2027A0009F3BB2 /* MASConstraint+Private.h */ = {isa = PBXFileReference; fileEncoding = 4; lastKnownFileType = sourcecode.c.h; path = "MASConstraint+Private.h"; sourceTree = "<group>"; };
		2C11EE1B1C2027A0009F3BB2 /* MASConstraint.h */ = {isa = PBXFileReference; fileEncoding = 4; lastKnownFileType = sourcecode.c.h; path = MASConstraint.h; sourceTree = "<group>"; };
		2C11EE1C1C2027A0009F3BB2 /* MASConstraint.m */ = {isa = PBXFileReference; fileEncoding = 4; lastKnownFileType = sourcecode.c.objc; path = MASConstraint.m; sourceTree = "<group>"; };
		2C11EE1D1C2027A0009F3BB2 /* MASConstraintMaker.h */ = {isa = PBXFileReference; fileEncoding = 4; lastKnownFileType = sourcecode.c.h; path = MASConstraintMaker.h; sourceTree = "<group>"; };
		2C11EE1E1C2027A0009F3BB2 /* MASConstraintMaker.m */ = {isa = PBXFileReference; fileEncoding = 4; lastKnownFileType = sourcecode.c.objc; path = MASConstraintMaker.m; sourceTree = "<group>"; };
		2C11EE1F1C2027A0009F3BB2 /* MASLayoutConstraint.h */ = {isa = PBXFileReference; fileEncoding = 4; lastKnownFileType = sourcecode.c.h; path = MASLayoutConstraint.h; sourceTree = "<group>"; };
		2C11EE201C2027A0009F3BB2 /* MASLayoutConstraint.m */ = {isa = PBXFileReference; fileEncoding = 4; lastKnownFileType = sourcecode.c.objc; path = MASLayoutConstraint.m; sourceTree = "<group>"; };
		2C11EE211C2027A0009F3BB2 /* Masonry.h */ = {isa = PBXFileReference; fileEncoding = 4; lastKnownFileType = sourcecode.c.h; path = Masonry.h; sourceTree = "<group>"; };
		2C11EE221C2027A0009F3BB2 /* MASUtilities.h */ = {isa = PBXFileReference; fileEncoding = 4; lastKnownFileType = sourcecode.c.h; path = MASUtilities.h; sourceTree = "<group>"; };
		2C11EE231C2027A0009F3BB2 /* MASViewAttribute.h */ = {isa = PBXFileReference; fileEncoding = 4; lastKnownFileType = sourcecode.c.h; path = MASViewAttribute.h; sourceTree = "<group>"; };
		2C11EE241C2027A0009F3BB2 /* MASViewAttribute.m */ = {isa = PBXFileReference; fileEncoding = 4; lastKnownFileType = sourcecode.c.objc; path = MASViewAttribute.m; sourceTree = "<group>"; };
		2C11EE251C2027A0009F3BB2 /* MASViewConstraint.h */ = {isa = PBXFileReference; fileEncoding = 4; lastKnownFileType = sourcecode.c.h; path = MASViewConstraint.h; sourceTree = "<group>"; };
		2C11EE261C2027A0009F3BB2 /* MASViewConstraint.m */ = {isa = PBXFileReference; fileEncoding = 4; lastKnownFileType = sourcecode.c.objc; path = MASViewConstraint.m; sourceTree = "<group>"; };
		2C11EE271C2027A0009F3BB2 /* NSArray+MASAdditions.h */ = {isa = PBXFileReference; fileEncoding = 4; lastKnownFileType = sourcecode.c.h; path = "NSArray+MASAdditions.h"; sourceTree = "<group>"; };
		2C11EE281C2027A0009F3BB2 /* NSArray+MASAdditions.m */ = {isa = PBXFileReference; fileEncoding = 4; lastKnownFileType = sourcecode.c.objc; path = "NSArray+MASAdditions.m"; sourceTree = "<group>"; };
		2C11EE291C2027A0009F3BB2 /* NSArray+MASShorthandAdditions.h */ = {isa = PBXFileReference; fileEncoding = 4; lastKnownFileType = sourcecode.c.h; path = "NSArray+MASShorthandAdditions.h"; sourceTree = "<group>"; };
		2C11EE2A1C2027A0009F3BB2 /* NSLayoutConstraint+MASDebugAdditions.h */ = {isa = PBXFileReference; fileEncoding = 4; lastKnownFileType = sourcecode.c.h; path = "NSLayoutConstraint+MASDebugAdditions.h"; sourceTree = "<group>"; };
		2C11EE2B1C2027A0009F3BB2 /* NSLayoutConstraint+MASDebugAdditions.m */ = {isa = PBXFileReference; fileEncoding = 4; lastKnownFileType = sourcecode.c.objc; path = "NSLayoutConstraint+MASDebugAdditions.m"; sourceTree = "<group>"; };
		2C11EE2C1C2027A0009F3BB2 /* View+MASAdditions.h */ = {isa = PBXFileReference; fileEncoding = 4; lastKnownFileType = sourcecode.c.h; path = "View+MASAdditions.h"; sourceTree = "<group>"; };
		2C11EE2D1C2027A0009F3BB2 /* View+MASAdditions.m */ = {isa = PBXFileReference; fileEncoding = 4; lastKnownFileType = sourcecode.c.objc; path = "View+MASAdditions.m"; sourceTree = "<group>"; };
		2C11EE2E1C2027A0009F3BB2 /* View+MASShorthandAdditions.h */ = {isa = PBXFileReference; fileEncoding = 4; lastKnownFileType = sourcecode.c.h; path = "View+MASShorthandAdditions.h"; sourceTree = "<group>"; };
		2C11EE2F1C2027A0009F3BB2 /* ViewController+MASAdditions.h */ = {isa = PBXFileReference; fileEncoding = 4; lastKnownFileType = sourcecode.c.h; path = "ViewController+MASAdditions.h"; sourceTree = "<group>"; };
		2C11EE301C2027A0009F3BB2 /* ViewController+MASAdditions.m */ = {isa = PBXFileReference; fileEncoding = 4; lastKnownFileType = sourcecode.c.objc; path = "ViewController+MASAdditions.m"; sourceTree = "<group>"; };
		2C31FC211C1FFC7B00D12D5C /* CustomCollectionView.app */ = {isa = PBXFileReference; explicitFileType = wrapper.application; includeInIndex = 0; path = CustomCollectionView.app; sourceTree = BUILT_PRODUCTS_DIR; };
		2C31FC251C1FFC7B00D12D5C /* main.m */ = {isa = PBXFileReference; lastKnownFileType = sourcecode.c.objc; path = main.m; sourceTree = "<group>"; };
		2C31FC271C1FFC7B00D12D5C /* AppDelegate.h */ = {isa = PBXFileReference; lastKnownFileType = sourcecode.c.h; path = AppDelegate.h; sourceTree = "<group>"; };
		2C31FC281C1FFC7B00D12D5C /* AppDelegate.m */ = {isa = PBXFileReference; lastKnownFileType = sourcecode.c.objc; path = AppDelegate.m; sourceTree = "<group>"; };
		2C31FC2A1C1FFC7B00D12D5C /* ViewController.h */ = {isa = PBXFileReference; lastKnownFileType = sourcecode.c.h; path = ViewController.h; sourceTree = "<group>"; };
		2C31FC2B1C1FFC7B00D12D5C /* ViewController.m */ = {isa = PBXFileReference; lastKnownFileType = sourcecode.c.objc; path = ViewController.m; sourceTree = "<group>"; };
		2C31FC2E1C1FFC7B00D12D5C /* Base */ = {isa = PBXFileReference; lastKnownFileType = file.storyboard; name = Base; path = Base.lproj/Main.storyboard; sourceTree = "<group>"; };
		2C31FC301C1FFC7B00D12D5C /* Assets.xcassets */ = {isa = PBXFileReference; lastKnownFileType = folder.assetcatalog; path = Assets.xcassets; sourceTree = "<group>"; };
		2C31FC331C1FFC7B00D12D5C /* Base */ = {isa = PBXFileReference; lastKnownFileType = file.storyboard; name = Base; path = Base.lproj/LaunchScreen.storyboard; sourceTree = "<group>"; };
		2C31FC351C1FFC7B00D12D5C /* Info.plist */ = {isa = PBXFileReference; lastKnownFileType = text.plist.xml; path = Info.plist; sourceTree = "<group>"; };
		2C31FC3A1C1FFC7B00D12D5C /* CustomCollectionViewTests.xctest */ = {isa = PBXFileReference; explicitFileType = wrapper.cfbundle; includeInIndex = 0; path = CustomCollectionViewTests.xctest; sourceTree = BUILT_PRODUCTS_DIR; };
		2C31FC3E1C1FFC7B00D12D5C /* CustomCollectionViewTests.m */ = {isa = PBXFileReference; lastKnownFileType = sourcecode.c.objc; path = CustomCollectionViewTests.m; sourceTree = "<group>"; };
		2C31FC401C1FFC7B00D12D5C /* Info.plist */ = {isa = PBXFileReference; lastKnownFileType = text.plist.xml; path = Info.plist; sourceTree = "<group>"; };
		2C31FC451C1FFC7B00D12D5C /* CustomCollectionViewUITests.xctest */ = {isa = PBXFileReference; explicitFileType = wrapper.cfbundle; includeInIndex = 0; path = CustomCollectionViewUITests.xctest; sourceTree = BUILT_PRODUCTS_DIR; };
		2C31FC491C1FFC7B00D12D5C /* CustomCollectionViewUITests.m */ = {isa = PBXFileReference; lastKnownFileType = sourcecode.c.objc; path = CustomCollectionViewUITests.m; sourceTree = "<group>"; };
		2C31FC4B1C1FFC7B00D12D5C /* Info.plist */ = {isa = PBXFileReference; lastKnownFileType = text.plist.xml; path = Info.plist; sourceTree = "<group>"; };
		2C31FC571C1FFD2A00D12D5C /* TTCollectionViewLayout.h */ = {isa = PBXFileReference; fileEncoding = 4; lastKnownFileType = sourcecode.c.h; path = TTCollectionViewLayout.h; sourceTree = "<group>"; };
		2C31FC581C1FFD2A00D12D5C /* TTCollectionViewLayout.m */ = {isa = PBXFileReference; fileEncoding = 4; lastKnownFileType = sourcecode.c.objc; path = TTCollectionViewLayout.m; sourceTree = "<group>"; };
		2C65BAB81C23DF0800856390 /* Goods.h */ = {isa = PBXFileReference; fileEncoding = 4; lastKnownFileType = sourcecode.c.h; path = Goods.h; sourceTree = "<group>"; };
		2C65BAB91C23DF0800856390 /* Goods.m */ = {isa = PBXFileReference; fileEncoding = 4; lastKnownFileType = sourcecode.c.objc; path = Goods.m; sourceTree = "<group>"; };
		2CF0739F1C241BB60008D25A /* TTCollectionViewCell.h */ = {isa = PBXFileReference; fileEncoding = 4; lastKnownFileType = sourcecode.c.h; path = TTCollectionViewCell.h; sourceTree = "<group>"; };
		2CF073A01C241BB60008D25A /* TTCollectionViewCell.m */ = {isa = PBXFileReference; fileEncoding = 4; lastKnownFileType = sourcecode.c.objc; path = TTCollectionViewCell.m; sourceTree = "<group>"; };
/* End PBXFileReference section */

/* Begin PBXFrameworksBuildPhase section */
		2C31FC1E1C1FFC7B00D12D5C /* Frameworks */ = {
			isa = PBXFrameworksBuildPhase;
			buildActionMask = 2147483647;
			files = (
			);
			runOnlyForDeploymentPostprocessing = 0;
		};
		2C31FC371C1FFC7B00D12D5C /* Frameworks */ = {
			isa = PBXFrameworksBuildPhase;
			buildActionMask = 2147483647;
			files = (
			);
			runOnlyForDeploymentPostprocessing = 0;
		};
		2C31FC421C1FFC7B00D12D5C /* Frameworks */ = {
			isa = PBXFrameworksBuildPhase;
			buildActionMask = 2147483647;
			files = (
			);
			runOnlyForDeploymentPostprocessing = 0;
		};
/* End PBXFrameworksBuildPhase section */

/* Begin PBXGroup section */
		2C11EE171C2027A0009F3BB2 /* Masonry */ = {
			isa = PBXGroup;
			children = (
				2C11EE181C2027A0009F3BB2 /* MASCompositeConstraint.h */,
				2C11EE191C2027A0009F3BB2 /* MASCompositeConstraint.m */,
				2C11EE1A1C2027A0009F3BB2 /* MASConstraint+Private.h */,
				2C11EE1B1C2027A0009F3BB2 /* MASConstraint.h */,
				2C11EE1C1C2027A0009F3BB2 /* MASConstraint.m */,
				2C11EE1D1C2027A0009F3BB2 /* MASConstraintMaker.h */,
				2C11EE1E1C2027A0009F3BB2 /* MASConstraintMaker.m */,
				2C11EE1F1C2027A0009F3BB2 /* MASLayoutConstraint.h */,
				2C11EE201C2027A0009F3BB2 /* MASLayoutConstraint.m */,
				2C11EE211C2027A0009F3BB2 /* Masonry.h */,
				2C11EE221C2027A0009F3BB2 /* MASUtilities.h */,
				2C11EE231C2027A0009F3BB2 /* MASViewAttribute.h */,
				2C11EE241C2027A0009F3BB2 /* MASViewAttribute.m */,
				2C11EE251C2027A0009F3BB2 /* MASViewConstraint.h */,
				2C11EE261C2027A0009F3BB2 /* MASViewConstraint.m */,
				2C11EE271C2027A0009F3BB2 /* NSArray+MASAdditions.h */,
				2C11EE281C2027A0009F3BB2 /* NSArray+MASAdditions.m */,
				2C11EE291C2027A0009F3BB2 /* NSArray+MASShorthandAdditions.h */,
				2C11EE2A1C2027A0009F3BB2 /* NSLayoutConstraint+MASDebugAdditions.h */,
				2C11EE2B1C2027A0009F3BB2 /* NSLayoutConstraint+MASDebugAdditions.m */,
				2C11EE2C1C2027A0009F3BB2 /* View+MASAdditions.h */,
				2C11EE2D1C2027A0009F3BB2 /* View+MASAdditions.m */,
				2C11EE2E1C2027A0009F3BB2 /* View+MASShorthandAdditions.h */,
				2C11EE2F1C2027A0009F3BB2 /* ViewController+MASAdditions.h */,
				2C11EE301C2027A0009F3BB2 /* ViewController+MASAdditions.m */,
			);
			path = Masonry;
			sourceTree = "<group>";
		};
		2C31FC181C1FFC7B00D12D5C = {
			isa = PBXGroup;
			children = (
				2C31FC231C1FFC7B00D12D5C /* CustomCollectionView */,
				2C31FC3D1C1FFC7B00D12D5C /* CustomCollectionViewTests */,
				2C31FC481C1FFC7B00D12D5C /* CustomCollectionViewUITests */,
				2C31FC221C1FFC7B00D12D5C /* Products */,
			);
			sourceTree = "<group>";
		};
		2C31FC221C1FFC7B00D12D5C /* Products */ = {
			isa = PBXGroup;
			children = (
				2C31FC211C1FFC7B00D12D5C /* CustomCollectionView.app */,
				2C31FC3A1C1FFC7B00D12D5C /* CustomCollectionViewTests.xctest */,
				2C31FC451C1FFC7B00D12D5C /* CustomCollectionViewUITests.xctest */,
			);
			name = Products;
			sourceTree = "<group>";
		};
		2C31FC231C1FFC7B00D12D5C /* CustomCollectionView */ = {
			isa = PBXGroup;
			children = (
				2C31FC271C1FFC7B00D12D5C /* AppDelegate.h */,
				2C31FC281C1FFC7B00D12D5C /* AppDelegate.m */,
				2C31FC2A1C1FFC7B00D12D5C /* ViewController.h */,
				2C31FC2B1C1FFC7B00D12D5C /* ViewController.m */,
				2CF0739F1C241BB60008D25A /* TTCollectionViewCell.h */,
				2CF073A01C241BB60008D25A /* TTCollectionViewCell.m */,
				2C31FC571C1FFD2A00D12D5C /* TTCollectionViewLayout.h */,
				2C31FC581C1FFD2A00D12D5C /* TTCollectionViewLayout.m */,
				2C65BAB81C23DF0800856390 /* Goods.h */,
				2C65BAB91C23DF0800856390 /* Goods.m */,
				2C31FC2D1C1FFC7B00D12D5C /* Main.storyboard */,
				2C11EE171C2027A0009F3BB2 /* Masonry */,
				2C31FC301C1FFC7B00D12D5C /* Assets.xcassets */,
				2C31FC321C1FFC7B00D12D5C /* LaunchScreen.storyboard */,
				2C31FC351C1FFC7B00D12D5C /* Info.plist */,
				2C31FC241C1FFC7B00D12D5C /* Supporting Files */,
			);
			path = CustomCollectionView;
			sourceTree = "<group>";
		};
		2C31FC241C1FFC7B00D12D5C /* Supporting Files */ = {
			isa = PBXGroup;
			children = (
				2C31FC251C1FFC7B00D12D5C /* main.m */,
			);
			name = "Supporting Files";
			sourceTree = "<group>";
		};
		2C31FC3D1C1FFC7B00D12D5C /* CustomCollectionViewTests */ = {
			isa = PBXGroup;
			children = (
				2C31FC3E1C1FFC7B00D12D5C /* CustomCollectionViewTests.m */,
				2C31FC401C1FFC7B00D12D5C /* Info.plist */,
			);
			path = CustomCollectionViewTests;
			sourceTree = "<group>";
		};
		2C31FC481C1FFC7B00D12D5C /* CustomCollectionViewUITests */ = {
			isa = PBXGroup;
			children = (
				2C31FC491C1FFC7B00D12D5C /* CustomCollectionViewUITests.m */,
				2C31FC4B1C1FFC7B00D12D5C /* Info.plist */,
			);
			path = CustomCollectionViewUITests;
			sourceTree = "<group>";
		};
/* End PBXGroup section */

/* Begin PBXNativeTarget section */
		2C31FC201C1FFC7B00D12D5C /* CustomCollectionView */ = {
			isa = PBXNativeTarget;
			buildConfigurationList = 2C31FC4E1C1FFC7B00D12D5C /* Build configuration list for PBXNativeTarget "CustomCollectionView" */;
			buildPhases = (
				2C31FC1D1C1FFC7B00D12D5C /* Sources */,
				2C31FC1E1C1FFC7B00D12D5C /* Frameworks */,
				2C31FC1F1C1FFC7B00D12D5C /* Resources */,
			);
			buildRules = (
			);
			dependencies = (
			);
			name = CustomCollectionView;
			productName = CustomCollectionView;
			productReference = 2C31FC211C1FFC7B00D12D5C /* CustomCollectionView.app */;
			productType = "com.apple.product-type.application";
		};
		2C31FC391C1FFC7B00D12D5C /* CustomCollectionViewTests */ = {
			isa = PBXNativeTarget;
			buildConfigurationList = 2C31FC511C1FFC7B00D12D5C /* Build configuration list for PBXNativeTarget "CustomCollectionViewTests" */;
			buildPhases = (
				2C31FC361C1FFC7B00D12D5C /* Sources */,
				2C31FC371C1FFC7B00D12D5C /* Frameworks */,
				2C31FC381C1FFC7B00D12D5C /* Resources */,
			);
			buildRules = (
			);
			dependencies = (
				2C31FC3C1C1FFC7B00D12D5C /* PBXTargetDependency */,
			);
			name = CustomCollectionViewTests;
			productName = CustomCollectionViewTests;
			productReference = 2C31FC3A1C1FFC7B00D12D5C /* CustomCollectionViewTests.xctest */;
			productType = "com.apple.product-type.bundle.unit-test";
		};
		2C31FC441C1FFC7B00D12D5C /* CustomCollectionViewUITests */ = {
			isa = PBXNativeTarget;
			buildConfigurationList = 2C31FC541C1FFC7B00D12D5C /* Build configuration list for PBXNativeTarget "CustomCollectionViewUITests" */;
			buildPhases = (
				2C31FC411C1FFC7B00D12D5C /* Sources */,
				2C31FC421C1FFC7B00D12D5C /* Frameworks */,
				2C31FC431C1FFC7B00D12D5C /* Resources */,
			);
			buildRules = (
			);
			dependencies = (
				2C31FC471C1FFC7B00D12D5C /* PBXTargetDependency */,
			);
			name = CustomCollectionViewUITests;
			productName = CustomCollectionViewUITests;
			productReference = 2C31FC451C1FFC7B00D12D5C /* CustomCollectionViewUITests.xctest */;
			productType = "com.apple.product-type.bundle.ui-testing";
		};
/* End PBXNativeTarget section */

/* Begin PBXProject section */
		2C31FC191C1FFC7B00D12D5C /* Project object */ = {
			isa = PBXProject;
			attributes = {
				LastUpgradeCheck = 0720;
				ORGANIZATIONNAME = "光之晨曦";
				TargetAttributes = {
					2C31FC201C1FFC7B00D12D5C = {
						CreatedOnToolsVersion = 7.2;
						DevelopmentTeam = K8T44U53P2;
					};
					2C31FC391C1FFC7B00D12D5C = {
						CreatedOnToolsVersion = 7.2;
						DevelopmentTeam = K8T44U53P2;
						TestTargetID = 2C31FC201C1FFC7B00D12D5C;
					};
					2C31FC441C1FFC7B00D12D5C = {
						CreatedOnToolsVersion = 7.2;
						DevelopmentTeam = K8T44U53P2;
						TestTargetID = 2C31FC201C1FFC7B00D12D5C;
					};
				};
			};
			buildConfigurationList = 2C31FC1C1C1FFC7B00D12D5C /* Build configuration list for PBXProject "CustomCollectionView" */;
			compatibilityVersion = "Xcode 3.2";
			developmentRegion = English;
			hasScannedForEncodings = 0;
			knownRegions = (
				en,
				Base,
			);
			mainGroup = 2C31FC181C1FFC7B00D12D5C;
			productRefGroup = 2C31FC221C1FFC7B00D12D5C /* Products */;
			projectDirPath = "";
			projectRoot = "";
			targets = (
				2C31FC201C1FFC7B00D12D5C /* CustomCollectionView */,
				2C31FC391C1FFC7B00D12D5C /* CustomCollectionViewTests */,
				2C31FC441C1FFC7B00D12D5C /* CustomCollectionViewUITests */,
			);
		};
/* End PBXProject section */

/* Begin PBXResourcesBuildPhase section */
		2C31FC1F1C1FFC7B00D12D5C /* Resources */ = {
			isa = PBXResourcesBuildPhase;
			buildActionMask = 2147483647;
			files = (
				2C31FC341C1FFC7B00D12D5C /* LaunchScreen.storyboard in Resources */,
				2C31FC311C1FFC7B00D12D5C /* Assets.xcassets in Resources */,
				2C31FC2F1C1FFC7B00D12D5C /* Main.storyboard in Resources */,
			);
			runOnlyForDeploymentPostprocessing = 0;
		};
		2C31FC381C1FFC7B00D12D5C /* Resources */ = {
			isa = PBXResourcesBuildPhase;
			buildActionMask = 2147483647;
			files = (
			);
			runOnlyForDeploymentPostprocessing = 0;
		};
		2C31FC431C1FFC7B00D12D5C /* Resources */ = {
			isa = PBXResourcesBuildPhase;
			buildActionMask = 2147483647;
			files = (
			);
			runOnlyForDeploymentPostprocessing = 0;
		};
/* End PBXResourcesBuildPhase section */

/* Begin PBXSourcesBuildPhase section */
		2C31FC1D1C1FFC7B00D12D5C /* Sources */ = {
			isa = PBXSourcesBuildPhase;
			buildActionMask = 2147483647;
			files = (
				2C11EE381C2027A0009F3BB2 /* NSLayoutConstraint+MASDebugAdditions.m in Sources */,
				2C31FC591C1FFD2A00D12D5C /* TTCollectionViewLayout.m in Sources */,
				2C11EE361C2027A0009F3BB2 /* MASViewConstraint.m in Sources */,
				2C31FC2C1C1FFC7B00D12D5C /* ViewController.m in Sources */,
				2C31FC291C1FFC7B00D12D5C /* AppDelegate.m in Sources */,
				2C11EE391C2027A0009F3BB2 /* View+MASAdditions.m in Sources */,
				2C11EE311C2027A0009F3BB2 /* MASCompositeConstraint.m in Sources */,
				2C11EE351C2027A0009F3BB2 /* MASViewAttribute.m in Sources */,
				2C11EE331C2027A0009F3BB2 /* MASConstraintMaker.m in Sources */,
				2C11EE371C2027A0009F3BB2 /* NSArray+MASAdditions.m in Sources */,
				2C11EE3A1C2027A0009F3BB2 /* ViewController+MASAdditions.m in Sources */,
				2C11EE321C2027A0009F3BB2 /* MASConstraint.m in Sources */,
				2C11EE341C2027A0009F3BB2 /* MASLayoutConstraint.m in Sources */,
				2C65BABA1C23DF0800856390 /* Goods.m in Sources */,
				2C31FC261C1FFC7B00D12D5C /* main.m in Sources */,
				2CF073A11C241BB60008D25A /* TTCollectionViewCell.m in Sources */,
			);
			runOnlyForDeploymentPostprocessing = 0;
		};
		2C31FC361C1FFC7B00D12D5C /* Sources */ = {
			isa = PBXSourcesBuildPhase;
			buildActionMask = 2147483647;
			files = (
				2C31FC3F1C1FFC7B00D12D5C /* CustomCollectionViewTests.m in Sources */,
			);
			runOnlyForDeploymentPostprocessing = 0;
		};
		2C31FC411C1FFC7B00D12D5C /* Sources */ = {
			isa = PBXSourcesBuildPhase;
			buildActionMask = 2147483647;
			files = (
				2C31FC4A1C1FFC7B00D12D5C /* CustomCollectionViewUITests.m in Sources */,
			);
			runOnlyForDeploymentPostprocessing = 0;
		};
/* End PBXSourcesBuildPhase section */

/* Begin PBXTargetDependency section */
		2C31FC3C1C1FFC7B00D12D5C /* PBXTargetDependency */ = {
			isa = PBXTargetDependency;
			target = 2C31FC201C1FFC7B00D12D5C /* CustomCollectionView */;
			targetProxy = 2C31FC3B1C1FFC7B00D12D5C /* PBXContainerItemProxy */;
		};
		2C31FC471C1FFC7B00D12D5C /* PBXTargetDependency */ = {
			isa = PBXTargetDependency;
			target = 2C31FC201C1FFC7B00D12D5C /* CustomCollectionView */;
			targetProxy = 2C31FC461C1FFC7B00D12D5C /* PBXContainerItemProxy */;
		};
/* End PBXTargetDependency section */

/* Begin PBXVariantGroup section */
		2C31FC2D1C1FFC7B00D12D5C /* Main.storyboard */ = {
			isa = PBXVariantGroup;
			children = (
				2C31FC2E1C1FFC7B00D12D5C /* Base */,
			);
			name = Main.storyboard;
			sourceTree = "<group>";
		};
		2C31FC321C1FFC7B00D12D5C /* LaunchScreen.storyboard */ = {
			isa = PBXVariantGroup;
			children = (
				2C31FC331C1FFC7B00D12D5C /* Base */,
			);
			name = LaunchScreen.storyboard;
			sourceTree = "<group>";
		};
/* End PBXVariantGroup section */

/* Begin XCBuildConfiguration section */
		2C31FC4C1C1FFC7B00D12D5C /* Debug */ = {
			isa = XCBuildConfiguration;
			buildSettings = {
				ALWAYS_SEARCH_USER_PATHS = NO;
				CLANG_CXX_LANGUAGE_STANDARD = "gnu++0x";
				CLANG_CXX_LIBRARY = "libc++";
				CLANG_ENABLE_MODULES = YES;
				CLANG_ENABLE_OBJC_ARC = YES;
				CLANG_WARN_BOOL_CONVERSION = YES;
				CLANG_WARN_CONSTANT_CONVERSION = YES;
				CLANG_WARN_DIRECT_OBJC_ISA_USAGE = YES_ERROR;
				CLANG_WARN_EMPTY_BODY = YES;
				CLANG_WARN_ENUM_CONVERSION = YES;
				CLANG_WARN_INT_CONVERSION = YES;
				CLANG_WARN_OBJC_ROOT_CLASS = YES_ERROR;
				CLANG_WARN_UNREACHABLE_CODE = YES;
				CLANG_WARN__DUPLICATE_METHOD_MATCH = YES;
				"CODE_SIGN_IDENTITY[sdk=iphoneos*]" = "iPhone Developer";
				COPY_PHASE_STRIP = NO;
				DEBUG_INFORMATION_FORMAT = dwarf;
				ENABLE_STRICT_OBJC_MSGSEND = YES;
				ENABLE_TESTABILITY = YES;
				GCC_C_LANGUAGE_STANDARD = gnu99;
				GCC_DYNAMIC_NO_PIC = NO;
				GCC_NO_COMMON_BLOCKS = YES;
				GCC_OPTIMIZATION_LEVEL = 0;
				GCC_PREPROCESSOR_DEFINITIONS = (
					"DEBUG=1",
					"$(inherited)",
				);
				GCC_WARN_64_TO_32_BIT_CONVERSION = YES;
				GCC_WARN_ABOUT_RETURN_TYPE = YES_ERROR;
				GCC_WARN_UNDECLARED_SELECTOR = YES;
				GCC_WARN_UNINITIALIZED_AUTOS = YES_AGGRESSIVE;
				GCC_WARN_UNUSED_FUNCTION = YES;
				GCC_WARN_UNUSED_VARIABLE = YES;
				IPHONEOS_DEPLOYMENT_TARGET = 9.2;
				MTL_ENABLE_DEBUG_INFO = YES;
				ONLY_ACTIVE_ARCH = YES;
				SDKROOT = iphoneos;
				TARGETED_DEVICE_FAMILY = "1,2";
			};
			name = Debug;
		};
		2C31FC4D1C1FFC7B00D12D5C /* Release */ = {
			isa = XCBuildConfiguration;
			buildSettings = {
				ALWAYS_SEARCH_USER_PATHS = NO;
				CLANG_CXX_LANGUAGE_STANDARD = "gnu++0x";
				CLANG_CXX_LIBRARY = "libc++";
				CLANG_ENABLE_MODULES = YES;
				CLANG_ENABLE_OBJC_ARC = YES;
				CLANG_WARN_BOOL_CONVERSION = YES;
				CLANG_WARN_CONSTANT_CONVERSION = YES;
				CLANG_WARN_DIRECT_OBJC_ISA_USAGE = YES_ERROR;
				CLANG_WARN_EMPTY_BODY = YES;
				CLANG_WARN_ENUM_CONVERSION = YES;
				CLANG_WARN_INT_CONVERSION = YES;
				CLANG_WARN_OBJC_ROOT_CLASS = YES_ERROR;
				CLANG_WARN_UNREACHABLE_CODE = YES;
				CLANG_WARN__DUPLICATE_METHOD_MATCH = YES;
				"CODE_SIGN_IDENTITY[sdk=iphoneos*]" = "iPhone Developer";
				COPY_PHASE_STRIP = NO;
				DEBUG_INFORMATION_FORMAT = "dwarf-with-dsym";
				ENABLE_NS_ASSERTIONS = NO;
				ENABLE_STRICT_OBJC_MSGSEND = YES;
				GCC_C_LANGUAGE_STANDARD = gnu99;
				GCC_NO_COMMON_BLOCKS = YES;
				GCC_WARN_64_TO_32_BIT_CONVERSION = YES;
				GCC_WARN_ABOUT_RETURN_TYPE = YES_ERROR;
				GCC_WARN_UNDECLARED_SELECTOR = YES;
				GCC_WARN_UNINITIALIZED_AUTOS = YES_AGGRESSIVE;
				GCC_WARN_UNUSED_FUNCTION = YES;
				GCC_WARN_UNUSED_VARIABLE = YES;
				IPHONEOS_DEPLOYMENT_TARGET = 9.2;
				MTL_ENABLE_DEBUG_INFO = NO;
				SDKROOT = iphoneos;
				TARGETED_DEVICE_FAMILY = "1,2";
				VALIDATE_PRODUCT = YES;
			};
			name = Release;
		};
		2C31FC4F1C1FFC7B00D12D5C /* Debug */ = {
			isa = XCBuildConfiguration;
			buildSettings = {
				ASSETCATALOG_COMPILER_APPICON_NAME = AppIcon;
				INFOPLIST_FILE = CustomCollectionView/Info.plist;
				IPHONEOS_DEPLOYMENT_TARGET = 9.1;
				LD_RUNPATH_SEARCH_PATHS = "$(inherited) @executable_path/Frameworks";
				PRODUCT_BUNDLE_IDENTIFIER = com.tengtai.tk.CustomCollectionView;
				PRODUCT_NAME = "$(TARGET_NAME)";
			};
			name = Debug;
		};
		2C31FC501C1FFC7B00D12D5C /* Release */ = {
			isa = XCBuildConfiguration;
			buildSettings = {
				ASSETCATALOG_COMPILER_APPICON_NAME = AppIcon;
				INFOPLIST_FILE = CustomCollectionView/Info.plist;
				IPHONEOS_DEPLOYMENT_TARGET = 9.1;
				LD_RUNPATH_SEARCH_PATHS = "$(inherited) @executable_path/Frameworks";
				PRODUCT_BUNDLE_IDENTIFIER = com.tengtai.tk.CustomCollectionView;
				PRODUCT_NAME = "$(TARGET_NAME)";
			};
			name = Release;
		};
		2C31FC521C1FFC7B00D12D5C /* Debug */ = {
			isa = XCBuildConfiguration;
			buildSettings = {
				BUNDLE_LOADER = "$(TEST_HOST)";
				INFOPLIST_FILE = CustomCollectionViewTests/Info.plist;
				LD_RUNPATH_SEARCH_PATHS = "$(inherited) @executable_path/Frameworks @loader_path/Frameworks";
				PRODUCT_BUNDLE_IDENTIFIER = com.tengtai.tk.CustomCollectionViewTests;
				PRODUCT_NAME = "$(TARGET_NAME)";
				TEST_HOST = "$(BUILT_PRODUCTS_DIR)/CustomCollectionView.app/CustomCollectionView";
			};
			name = Debug;
		};
		2C31FC531C1FFC7B00D12D5C /* Release */ = {
			isa = XCBuildConfiguration;
			buildSettings = {
				BUNDLE_LOADER = "$(TEST_HOST)";
				INFOPLIST_FILE = CustomCollectionViewTests/Info.plist;
				LD_RUNPATH_SEARCH_PATHS = "$(inherited) @executable_path/Frameworks @loader_path/Frameworks";
				PRODUCT_BUNDLE_IDENTIFIER = com.tengtai.tk.CustomCollectionViewTests;
				PRODUCT_NAME = "$(TARGET_NAME)";
				TEST_HOST = "$(BUILT_PRODUCTS_DIR)/CustomCollectionView.app/CustomCollectionView";
			};
			name = Release;
		};
		2C31FC551C1FFC7B00D12D5C /* Debug */ = {
			isa = XCBuildConfiguration;
			buildSettings = {
				INFOPLIST_FILE = CustomCollectionViewUITests/Info.plist;
				LD_RUNPATH_SEARCH_PATHS = "$(inherited) @executable_path/Frameworks @loader_path/Frameworks";
				PRODUCT_BUNDLE_IDENTIFIER = com.tengtai.tk.CustomCollectionViewUITests;
				PRODUCT_NAME = "$(TARGET_NAME)";
				TEST_TARGET_NAME = CustomCollectionView;
				USES_XCTRUNNER = YES;
			};
			name = Debug;
		};
		2C31FC561C1FFC7B00D12D5C /* Release */ = {
			isa = XCBuildConfiguration;
			buildSettings = {
				INFOPLIST_FILE = CustomCollectionViewUITests/Info.plist;
				LD_RUNPATH_SEARCH_PATHS = "$(inherited) @executable_path/Frameworks @loader_path/Frameworks";
				PRODUCT_BUNDLE_IDENTIFIER = com.tengtai.tk.CustomCollectionViewUITests;
				PRODUCT_NAME = "$(TARGET_NAME)";
				TEST_TARGET_NAME = CustomCollectionView;
				USES_XCTRUNNER = YES;
			};
			name = Release;
		};
/* End XCBuildConfiguration section */

/* Begin XCConfigurationList section */
		2C31FC1C1C1FFC7B00D12D5C /* Build configuration list for PBXProject "CustomCollectionView" */ = {
			isa = XCConfigurationList;
			buildConfigurations = (
				2C31FC4C1C1FFC7B00D12D5C /* Debug */,
				2C31FC4D1C1FFC7B00D12D5C /* Release */,
			);
			defaultConfigurationIsVisible = 0;
			defaultConfigurationName = Release;
		};
		2C31FC4E1C1FFC7B00D12D5C /* Build configuration list for PBXNativeTarget "CustomCollectionView" */ = {
			isa = XCConfigurationList;
			buildConfigurations = (
				2C31FC4F1C1FFC7B00D12D5C /* Debug */,
				2C31FC501C1FFC7B00D12D5C /* Release */,
			);
			defaultConfigurationIsVisible = 0;
			defaultConfigurationName = Release;
		};
		2C31FC511C1FFC7B00D12D5C /* Build configuration list for PBXNativeTarget "CustomCollectionViewTests" */ = {
			isa = XCConfigurationList;
			buildConfigurations = (
				2C31FC521C1FFC7B00D12D5C /* Debug */,
				2C31FC531C1FFC7B00D12D5C /* Release */,
			);
			defaultConfigurationIsVisible = 0;
			defaultConfigurationName = Release;
		};
		2C31FC541C1FFC7B00D12D5C /* Build configuration list for PBXNativeTarget "CustomCollectionViewUITests" */ = {
			isa = XCConfigurationList;
			buildConfigurations = (
				2C31FC551C1FFC7B00D12D5C /* Debug */,
				2C31FC561C1FFC7B00D12D5C /* Release */,
			);
			defaultConfigurationIsVisible = 0;
			defaultConfigurationName = Release;
		};
/* End XCConfigurationList section */
	};
	rootObject = 2C31FC191C1FFC7B00D12D5C /* Project object */;
}
